
Microsoft Visual Studio Solution File, Format Version 12.00
# Visual Studio 2012
Project("{FAE04EC0-301F-11D3-BF4B-00C04F79EFBC}") = "UserRegistrationNLogin", "UserRegistrationNLogin\UserRegistrationNLogin.csproj", "{D99F7C18-ECBB-4CE7-864B-669AAA175EB1}"
EndProject
Project("{FAE04EC0-301F-11D3-BF4B-00C04F79EFBC}") = "RegistrationForm", "RegistrationForm\RegistrationForm.csproj", "{C5D05ACD-9ACC-4DFD-98E2-6BB44BF9424C}"
EndProject
Global
	GlobalSection(SolutionConfigurationPlatforms) = preSolution
		Debug|Any CPU = Debug|Any CPU
		Release|Any CPU = Release|Any CPU
	EndGlobalSection
	GlobalSection(ProjectConfigurationPlatforms) = postSolution
		{D99F7C18-ECBB-4CE7-864B-669AAA175EB1}.Debug|Any CPU.ActiveCfg = Debug|Any CPU
		{D99F7C18-ECBB-4CE7-864B-669AAA175EB1}.Debug|Any CPU.Build.0 = Debug|Any CPU
		{D99F7C18-ECBB-4CE7-864B-669AAA175EB1}.Release|Any CPU.ActiveCfg = Release|Any CPU
		{D99F7C18-ECBB-4CE7-864B-669AAA175EB1}.Release|Any CPU.Build.0 = Release|Any CPU
		{C5D05ACD-9ACC-4DFD-98E2-6BB44BF9424C}.Debug|Any CPU.ActiveCfg = Debug|Any CPU
		{C5D05ACD-9ACC-4DFD-98E2-6BB44BF9424C}.Debug|Any CPU.Build.0 = Debug|Any CPU
		{C5D05ACD-9ACC-4DFD-98E2-6BB44BF9424C}.Release|Any CPU.ActiveCfg = Release|Any CPU
		{C5D05ACD-9ACC-4DFD-98E2-6BB44BF9424C}.Release|Any CPU.Build.0 = Release|Any CPU
	EndGlobalSection
	GlobalSection(SolutionProperties) = preSolution
		HideSolutionNode = FALSE
	EndGlobalSection
EndGlobal
